
Microsoft Visual Studio Solution File, Format Version 12.00
# Visual Studio Version 16
VisualStudioVersion = 16.0.31005.135
MinimumVisualStudioVersion = 10.0.40219.1
Project("{FAE04EC0-301F-11D3-BF4B-00C04F79EFBC}") = "AlarmAdvanced", "AlarmAdvanced\AlarmAdvanced.csproj", "{A03687FA-5C54-4432-A53E-C83658D384F4}"
EndProject
Global
	GlobalSection(SolutionConfigurationPlatforms) = preSolution
		Debug|Any CPU = Debug|Any CPU
		Release|Any CPU = Release|Any CPU
	EndGlobalSection
	GlobalSection(ProjectConfigurationPlatforms) = postSolution
		{A03687FA-5C54-4432-A53E-C83658D384F4}.Debug|Any CPU.ActiveCfg = Debug|Any CPU
		{A03687FA-5C54-4432-A53E-C83658D384F4}.Debug|Any CPU.Build.0 = Debug|Any CPU
		{A03687FA-5C54-4432-A53E-C83658D384F4}.Release|Any CPU.ActiveCfg = Release|Any CPU
		{A03687FA-5C54-4432-A53E-C83658D384F4}.Release|Any CPU.Build.0 = Release|Any CPU
	EndGlobalSection
	GlobalSection(SolutionProperties) = preSolution
		HideSolutionNode = FALSE
	EndGlobalSection
	GlobalSection(ExtensibilityGlobals) = postSolution
		SolutionGuid = {E13F73BE-0F59-4FEB-9436-4028F1F1C475}
	EndGlobalSection
EndGlobal
